
Microsoft Visual Studio Solution File, Format Version 12.00
# Visual Studio 15
VisualStudioVersion = 15.0.28307.2017
MinimumVisualStudioVersion = 10.0.40219.1
Project("{8BC9CEB8-8B4A-11D0-8D11-00A0C91BC942}") = "Mine_Game", "Mine_Game\Mine_Game.vcxproj", "{7D53D29C-0108-4CEF-8569-45BCC9BD72B2}"
EndProject
Global
	GlobalSection(SolutionConfigurationPlatforms) = preSolution
		Debug|x64 = Debug|x64
		Debug|x86 = Debug|x86
		Release|x64 = Release|x64
		Release|x86 = Release|x86
	EndGlobalSection
	GlobalSection(ProjectConfigurationPlatforms) = postSolution
		{7D53D29C-0108-4CEF-8569-45BCC9BD72B2}.Debug|x64.ActiveCfg = Debug|x64
		{7D53D29C-0108-4CEF-8569-45BCC9BD72B2}.Debug|x64.Build.0 = Debug|x64
		{7D53D29C-0108-4CEF-8569-45BCC9BD72B2}.Debug|x86.ActiveCfg = Debug|Win32
		{7D53D29C-0108-4CEF-8569-45BCC9BD72B2}.Debug|x86.Build.0 = Debug|Win32
		{7D53D29C-0108-4CEF-8569-45BCC9BD72B2}.Release|x64.ActiveCfg = Release|x64
		{7D53D29C-0108-4CEF-8569-45BCC9BD72B2}.Release|x64.Build.0 = Release|x64
		{7D53D29C-0108-4CEF-8569-45BCC9BD72B2}.Release|x86.ActiveCfg = Release|Win32
		{7D53D29C-0108-4CEF-8569-45BCC9BD72B2}.Release|x86.Build.0 = Release|Win32
	EndGlobalSection
	GlobalSection(SolutionProperties) = preSolution
		HideSolutionNode = FALSE
	EndGlobalSection
	GlobalSection(ExtensibilityGlobals) = postSolution
		SolutionGuid = {D37BAADE-51A6-4318-BEC2-816BEE16D034}
	EndGlobalSection
EndGlobal
